
Microsoft Visual Studio Solution File, Format Version 12.00
# Visual Studio 2013
VisualStudioVersion = 12.0.30501.0
MinimumVisualStudioVersion = 10.0.40219.1
Project("{FAE04EC0-301F-11D3-BF4B-00C04F79EFBC}") = "BgPersonGenerator", "BgPersonGenerator\BgPersonGenerator.csproj", "{9F566068-D0FD-43AB-AF90-4D7BBAE50DEA}"
EndProject
Project("{FAE04EC0-301F-11D3-BF4B-00C04F79EFBC}") = "TestingBgPersonGenerator", "TestingBgPersonGenerator\TestingBgPersonGenerator.csproj", "{6634CCFE-BC9C-4044-8B3F-7D637B2EFD8E}"
EndProject
Global
	GlobalSection(SolutionConfigurationPlatforms) = preSolution
		Debug|Any CPU = Debug|Any CPU
		Release|Any CPU = Release|Any CPU
	EndGlobalSection
	GlobalSection(ProjectConfigurationPlatforms) = postSolution
		{9F566068-D0FD-43AB-AF90-4D7BBAE50DEA}.Debug|Any CPU.ActiveCfg = Debug|Any CPU
		{9F566068-D0FD-43AB-AF90-4D7BBAE50DEA}.Debug|Any CPU.Build.0 = Debug|Any CPU
		{9F566068-D0FD-43AB-AF90-4D7BBAE50DEA}.Release|Any CPU.ActiveCfg = Release|Any CPU
		{9F566068-D0FD-43AB-AF90-4D7BBAE50DEA}.Release|Any CPU.Build.0 = Release|Any CPU
		{6634CCFE-BC9C-4044-8B3F-7D637B2EFD8E}.Debug|Any CPU.ActiveCfg = Debug|Any CPU
		{6634CCFE-BC9C-4044-8B3F-7D637B2EFD8E}.Debug|Any CPU.Build.0 = Debug|Any CPU
		{6634CCFE-BC9C-4044-8B3F-7D637B2EFD8E}.Release|Any CPU.ActiveCfg = Release|Any CPU
		{6634CCFE-BC9C-4044-8B3F-7D637B2EFD8E}.Release|Any CPU.Build.0 = Release|Any CPU
	EndGlobalSection
	GlobalSection(SolutionProperties) = preSolution
		HideSolutionNode = FALSE
	EndGlobalSection
EndGlobal
